
Microsoft Visual Studio Solution File, Format Version 12.00
# Visual Studio Version 17
VisualStudioVersion = 17.9.34728.123
MinimumVisualStudioVersion = 10.0.40219.1
Project("{9A19103F-16F7-4668-BE54-9A1E7A4F7556}") = "NotamManagement.Api", "src\NotamManagement.Api\NotamManagement.Api.csproj", "{8257A526-CA12-4455-8394-856D83313BE6}"
EndProject
Project("{9A19103F-16F7-4668-BE54-9A1E7A4F7556}") = "NotamManagement.UI", "src\NotamManagement.UI\NotamManagement.UI.csproj", "{D34635B7-0C6B-47CE-8C2F-6E890D4CB497}"
EndProject
Project("{9A19103F-16F7-4668-BE54-9A1E7A4F7556}") = "NotamManagement.Core", "src\NotamManagement.Core\NotamManagement.Core.csproj", "{268848B1-33F2-4A34-BB7A-7E501EE1D178}"
EndProject
Project("{9A19103F-16F7-4668-BE54-9A1E7A4F7556}") = "NotamManagement.Tests", "src\NotamManagement.Tests\NotamManagement.Tests.csproj", "{BA8744C0-51F7-4559-97DF-2FB85D70811A}"
EndProject
Global
	GlobalSection(SolutionConfigurationPlatforms) = preSolution
		Debug|Any CPU = Debug|Any CPU
		Release|Any CPU = Release|Any CPU
	EndGlobalSection
	GlobalSection(ProjectConfigurationPlatforms) = postSolution
		{8257A526-CA12-4455-8394-856D83313BE6}.Debug|Any CPU.ActiveCfg = Debug|Any CPU
		{8257A526-CA12-4455-8394-856D83313BE6}.Debug|Any CPU.Build.0 = Debug|Any CPU
		{8257A526-CA12-4455-8394-856D83313BE6}.Release|Any CPU.ActiveCfg = Release|Any CPU
		{8257A526-CA12-4455-8394-856D83313BE6}.Release|Any CPU.Build.0 = Release|Any CPU
		{D34635B7-0C6B-47CE-8C2F-6E890D4CB497}.Debug|Any CPU.ActiveCfg = Debug|Any CPU
		{D34635B7-0C6B-47CE-8C2F-6E890D4CB497}.Debug|Any CPU.Build.0 = Debug|Any CPU
		{D34635B7-0C6B-47CE-8C2F-6E890D4CB497}.Release|Any CPU.ActiveCfg = Release|Any CPU
		{D34635B7-0C6B-47CE-8C2F-6E890D4CB497}.Release|Any CPU.Build.0 = Release|Any CPU
		{268848B1-33F2-4A34-BB7A-7E501EE1D178}.Debug|Any CPU.ActiveCfg = Debug|Any CPU
		{268848B1-33F2-4A34-BB7A-7E501EE1D178}.Debug|Any CPU.Build.0 = Debug|Any CPU
		{268848B1-33F2-4A34-BB7A-7E501EE1D178}.Release|Any CPU.ActiveCfg = Release|Any CPU
		{268848B1-33F2-4A34-BB7A-7E501EE1D178}.Release|Any CPU.Build.0 = Release|Any CPU
		{BA8744C0-51F7-4559-97DF-2FB85D70811A}.Debug|Any CPU.ActiveCfg = Debug|Any CPU
		{BA8744C0-51F7-4559-97DF-2FB85D70811A}.Debug|Any CPU.Build.0 = Debug|Any CPU
		{BA8744C0-51F7-4559-97DF-2FB85D70811A}.Release|Any CPU.ActiveCfg = Release|Any CPU
		{BA8744C0-51F7-4559-97DF-2FB85D70811A}.Release|Any CPU.Build.0 = Release|Any CPU
	EndGlobalSection
	GlobalSection(SolutionProperties) = preSolution
		HideSolutionNode = FALSE
	EndGlobalSection
	GlobalSection(ExtensibilityGlobals) = postSolution
		SolutionGuid = {823BBEA1-DA4A-4FFD-9E19-CB50BFF96005}
	EndGlobalSection
EndGlobal
